{
  "name": "spicm",
  "version": "1.0.0",
  "lockfileVersion": 1,
  "requires": true,
  "dependencies": {
    "@fortawesome/fontawesome": {
      "version": "1.1.8",
      "resolved": "https://registry.npmjs.org/@fortawesome/fontawesome/-/fontawesome-1.1.8.tgz",
      "integrity": "sha512-c0/MtkPVT0fmiFcCyYoPjkG9PkMOvfrZw2+0BaJ+Rh6UEcK1AR/LaRgrHHjUkbAbs9LXxQJhFS8CJ4uSnK2+JA==",
      "requires": {
        "@fortawesome/fontawesome-common-types": "^0.1.7"
      }
    },
    "@fortawesome/fontawesome-common-types": {
      "version": "0.1.7",
      "resolved": "https://registry.npmjs.org/@fortawesome/fontawesome-common-types/-/fontawesome-common-types-0.1.7.tgz",
      "integrity": "sha512-ego8jRVSHfq/iq4KRZJKQeUAdi3ZjGNrqw4oPN3fNdvTBnLCSntwVCnc37bsAJP9UB8MhrTfPnZYxkv2vpS4pg=="
    },
    "@fortawesome/fontawesome-free-solid": {
      "version": "5.0.13",
      "resolved": "https://registry.npmjs.org/@fortawesome/fontawesome-free-solid/-/fontawesome-free-solid-5.0.13.tgz",
      "integrity": "sha512-b+krVnqkdDt52Yfev0x0ZZgtxBQsLw00Zfa3uaVWIDzpNZVtrEXuxldUSUaN/ihgGhSNi8VpvDAdNPVgCKOSxw==",
      "requires": {
        "@fortawesome/fontawesome-common-types": "^0.1.7"
      }
    },
    "@fortawesome/react-fontawesome": {
      "version": "0.0.20",
      "resolved": "https://registry.npmjs.org/@fortawesome/react-fontawesome/-/react-fontawesome-0.0.20.tgz",
      "integrity": "sha512-0a1VYxlCU1oQZzxXK2KIlVArQJSGG3BgBwelLNbR5f2CD6+zQhXXMC9Vm8V4VLO1ZWDeGdjAJZmf7VL/zuuBGQ==",
      "requires": {
        "humps": "^2.0.1",
        "prop-types": "^15.5.7"
      }
    },
    "humps": {
      "version": "2.0.1",
      "resolved": "https://registry.npmjs.org/humps/-/humps-2.0.1.tgz",
      "integrity": "sha1-3QLqYIG9BWjcXQcxhEY5V7qe+ao="
    },
    "js-tokens": {
      "version": "4.0.0",
      "resolved": "https://registry.npmjs.org/js-tokens/-/js-tokens-4.0.0.tgz",
      "integrity": "sha512-RdJUflcE3cUzKiMqQgsCu06FPu9UdIJO0beYbPhHN4k6apgJtifcoCtT9bcxOpYBtpD2kCM6Sbzg4CausW/PKQ=="
    },
    "loose-envify": {
      "version": "1.4.0",
      "resolved": "https://registry.npmjs.org/loose-envify/-/loose-envify-1.4.0.tgz",
      "integrity": "sha512-lyuxPGr/Wfhrlem2CL/UcnUc1zcqKAImBDzukY7Y5F/yQiNdko6+fRLevlw1HgMySw7f611UIY408EtxRSoK3Q==",
      "requires": {
        "js-tokens": "^3.0.0 || ^4.0.0"
      }
    },
    "object-assign": {
      "version": "4.1.1",
      "resolved": "https://registry.npmjs.org/object-assign/-/object-assign-4.1.1.tgz",
      "integrity": "sha1-IQmtx5ZYh8/AXLvUQsrIv7s2CGM="
    },
    "prop-types": {
      "version": "15.7.2",
      "resolved": "https://registry.npmjs.org/prop-types/-/prop-types-15.7.2.tgz",
      "integrity": "sha512-8QQikdH7//R2vurIJSutZ1smHYTcLpRWEOlHnzcWHmBYrOGUysKwSsrC89BCiFj3CbrfJ/nXFdJepOVrY1GCHQ==",
      "requires": {
        "loose-envify": "^1.4.0",
        "object-assign": "^4.1.1",
        "react-is": "^16.8.1"
      }
    },
    "react": {
      "version": "16.10.2",
      "resolved": "https://registry.npmjs.org/react/-/react-16.10.2.tgz",
      "integrity": "sha512-MFVIq0DpIhrHFyqLU0S3+4dIcBhhOvBE8bJ/5kHPVOVaGdo0KuiQzpcjCPsf585WvhypqtrMILyoE2th6dT+Lw==",
      "requires": {
        "loose-envify": "^1.1.0",
        "object-assign": "^4.1.1",
        "prop-types": "^15.6.2"
      }
    },
    "react-is": {
      "version": "16.10.2",
      "resolved": "https://registry.npmjs.org/react-is/-/react-is-16.10.2.tgz",
      "integrity": "sha512-INBT1QEgtcCCgvccr5/86CfD71fw9EPmDxgiJX4I2Ddr6ZsV6iFXsuby+qWJPtmNuMY0zByTsG4468P7nHuNWA=="
    }
  }
}
